
Microsoft Visual Studio Solution File, Format Version 12.00
# Visual Studio Version 16
VisualStudioVersion = 16.0.32901.82
MinimumVisualStudioVersion = 10.0.40219.1
Project("{FAE04EC0-301F-11D3-BF4B-00C04F79EFBC}") = "test5", "test5\test5.csproj", "{B315AA67-2E33-4817-A8C4-9BA32C64BD96}"
EndProject
Global
	GlobalSection(SolutionConfigurationPlatforms) = preSolution
		Debug|Any CPU = Debug|Any CPU
		Release|Any CPU = Release|Any CPU
	EndGlobalSection
	GlobalSection(ProjectConfigurationPlatforms) = postSolution
		{B315AA67-2E33-4817-A8C4-9BA32C64BD96}.Debug|Any CPU.ActiveCfg = Debug|Any CPU
		{B315AA67-2E33-4817-A8C4-9BA32C64BD96}.Debug|Any CPU.Build.0 = Debug|Any CPU
		{B315AA67-2E33-4817-A8C4-9BA32C64BD96}.Release|Any CPU.ActiveCfg = Release|Any CPU
		{B315AA67-2E33-4817-A8C4-9BA32C64BD96}.Release|Any CPU.Build.0 = Release|Any CPU
	EndGlobalSection
	GlobalSection(SolutionProperties) = preSolution
		HideSolutionNode = FALSE
	EndGlobalSection
	GlobalSection(ExtensibilityGlobals) = postSolution
		SolutionGuid = {17A8D49B-79D9-4C2D-AD62-1A118B10282F}
	EndGlobalSection
EndGlobal
